
Microsoft Visual Studio Solution File, Format Version 12.00
# Visual Studio Version 17
VisualStudioVersion = 17.13.35931.197 d17.13
MinimumVisualStudioVersion = 10.0.40219.1
Project("{2150E333-8FDC-42A3-9474-1A3956D46DE8}") = "src", "src", "{02EA681E-C7D8-13C7-8484-4AC65E1B71E8}"
EndProject
Project("{2150E333-8FDC-42A3-9474-1A3956D46DE8}") = "tests", "tests", "{4B48F3F2-955A-47B4-BC8F-E2AC62F9C06D}"
EndProject
Project("{2150E333-8FDC-42A3-9474-1A3956D46DE8}") = "Core", "Core", "{90E954C9-6938-4156-AFB1-3ED4B2B7800A}"
EndProject
Project("{2150E333-8FDC-42A3-9474-1A3956D46DE8}") = "Infrastructure", "Infrastructure", "{2C705451-2850-4213-9B3A-967C59D9A087}"
EndProject
Project("{2150E333-8FDC-42A3-9474-1A3956D46DE8}") = "API", "API", "{C8C047EA-BDD2-4326-9E29-24BB7ABEBA0B}"
EndProject
Project("{2150E333-8FDC-42A3-9474-1A3956D46DE8}") = "UI", "UI", "{B9AF13B6-8F28-41E0-831A-F0D5F99CBE27}"
EndProject
Project("{FAE04EC0-301F-11D3-BF4B-00C04F79EFBC}") = "DigiTekShop.Domain", "DigiTekShop.Domain\DigiTekShop.Domain.csproj", "{05150E61-819B-4FC8-AF03-2298FDFFA93B}"
EndProject
Project("{FAE04EC0-301F-11D3-BF4B-00C04F79EFBC}") = "DigiTekShop.Application", "DigiTekShop.Application\DigiTekShop.Application.csproj", "{FB075A60-9637-4926-A4D2-398454F3FC27}"
EndProject
Project("{FAE04EC0-301F-11D3-BF4B-00C04F79EFBC}") = "DigiTekShop.Contracts", "DigiTekShop.Contracts\DigiTekShop.Contracts.csproj", "{0DE5DC88-7C6B-4F99-9929-938C85D93906}"
EndProject
Project("{FAE04EC0-301F-11D3-BF4B-00C04F79EFBC}") = "DigiTekShop.Persistence", "DigiTekShop.Persistence\DigiTekShop.Persistence.csproj", "{45C86958-A8DA-4703-9D92-AB85D3497792}"
EndProject
Project("{FAE04EC0-301F-11D3-BF4B-00C04F79EFBC}") = "DigiTekShop.Identity", "DigiTekShop.Identity\DigiTekShop.Identity.csproj", "{A47C374B-FFFA-4A5D-920F-8F6D08456053}"
EndProject
Project("{FAE04EC0-301F-11D3-BF4B-00C04F79EFBC}") = "DigiTekShop.ExternalServices", "DigiTekShop.ExternalServices\DigiTekShop.ExternalServices.csproj", "{379C0BBE-BC7E-420D-80FA-76B692E0070B}"
EndProject
Project("{FAE04EC0-301F-11D3-BF4B-00C04F79EFBC}") = "DigiTekShop.API", "DigiTekShop.API\DigiTekShop.API.csproj", "{589EC572-3A89-4D68-873E-B7E39C49AD79}"
EndProject
Project("{FAE04EC0-301F-11D3-BF4B-00C04F79EFBC}") = "DigiTekShop.SharedKernel", "DigiTekShop.SharedKernel\DigiTekShop.SharedKernel.csproj", "{68CC6295-6B76-4BAF-AAAA-0F1A7FACE25E}"
EndProject
Project("{FAE04EC0-301F-11D3-BF4B-00C04F79EFBC}") = "DigiTekShop.MVC", "DigiTekShop.MVC\DigiTekShop.MVC.csproj", "{E31CD618-75A9-4ECD-AE05-6C76EB871F20}"
EndProject
Project("{FAE04EC0-301F-11D3-BF4B-00C04F79EFBC}") = "DigiTekShop.UnitTests", "DigiTekShop.UnitTests\DigiTekShop.UnitTests.csproj", "{BE15ED3B-09B3-402B-9FAC-4B250A002473}"
EndProject
Global
	GlobalSection(SolutionConfigurationPlatforms) = preSolution
		Debug|Any CPU = Debug|Any CPU
		Release|Any CPU = Release|Any CPU
	EndGlobalSection
	GlobalSection(ProjectConfigurationPlatforms) = postSolution
		{05150E61-819B-4FC8-AF03-2298FDFFA93B}.Debug|Any CPU.ActiveCfg = Debug|Any CPU
		{05150E61-819B-4FC8-AF03-2298FDFFA93B}.Debug|Any CPU.Build.0 = Debug|Any CPU
		{05150E61-819B-4FC8-AF03-2298FDFFA93B}.Release|Any CPU.ActiveCfg = Release|Any CPU
		{05150E61-819B-4FC8-AF03-2298FDFFA93B}.Release|Any CPU.Build.0 = Release|Any CPU
		{FB075A60-9637-4926-A4D2-398454F3FC27}.Debug|Any CPU.ActiveCfg = Debug|Any CPU
		{FB075A60-9637-4926-A4D2-398454F3FC27}.Debug|Any CPU.Build.0 = Debug|Any CPU
		{FB075A60-9637-4926-A4D2-398454F3FC27}.Release|Any CPU.ActiveCfg = Release|Any CPU
		{FB075A60-9637-4926-A4D2-398454F3FC27}.Release|Any CPU.Build.0 = Release|Any CPU
		{0DE5DC88-7C6B-4F99-9929-938C85D93906}.Debug|Any CPU.ActiveCfg = Debug|Any CPU
		{0DE5DC88-7C6B-4F99-9929-938C85D93906}.Debug|Any CPU.Build.0 = Debug|Any CPU
		{0DE5DC88-7C6B-4F99-9929-938C85D93906}.Release|Any CPU.ActiveCfg = Release|Any CPU
		{0DE5DC88-7C6B-4F99-9929-938C85D93906}.Release|Any CPU.Build.0 = Release|Any CPU
		{45C86958-A8DA-4703-9D92-AB85D3497792}.Debug|Any CPU.ActiveCfg = Debug|Any CPU
		{45C86958-A8DA-4703-9D92-AB85D3497792}.Debug|Any CPU.Build.0 = Debug|Any CPU
		{45C86958-A8DA-4703-9D92-AB85D3497792}.Release|Any CPU.ActiveCfg = Release|Any CPU
		{45C86958-A8DA-4703-9D92-AB85D3497792}.Release|Any CPU.Build.0 = Release|Any CPU
		{A47C374B-FFFA-4A5D-920F-8F6D08456053}.Debug|Any CPU.ActiveCfg = Debug|Any CPU
		{A47C374B-FFFA-4A5D-920F-8F6D08456053}.Debug|Any CPU.Build.0 = Debug|Any CPU
		{A47C374B-FFFA-4A5D-920F-8F6D08456053}.Release|Any CPU.ActiveCfg = Release|Any CPU
		{A47C374B-FFFA-4A5D-920F-8F6D08456053}.Release|Any CPU.Build.0 = Release|Any CPU
		{379C0BBE-BC7E-420D-80FA-76B692E0070B}.Debug|Any CPU.ActiveCfg = Debug|Any CPU
		{379C0BBE-BC7E-420D-80FA-76B692E0070B}.Debug|Any CPU.Build.0 = Debug|Any CPU
		{379C0BBE-BC7E-420D-80FA-76B692E0070B}.Release|Any CPU.ActiveCfg = Release|Any CPU
		{379C0BBE-BC7E-420D-80FA-76B692E0070B}.Release|Any CPU.Build.0 = Release|Any CPU
		{589EC572-3A89-4D68-873E-B7E39C49AD79}.Debug|Any CPU.ActiveCfg = Debug|Any CPU
		{589EC572-3A89-4D68-873E-B7E39C49AD79}.Debug|Any CPU.Build.0 = Debug|Any CPU
		{589EC572-3A89-4D68-873E-B7E39C49AD79}.Release|Any CPU.ActiveCfg = Release|Any CPU
		{589EC572-3A89-4D68-873E-B7E39C49AD79}.Release|Any CPU.Build.0 = Release|Any CPU
		{68CC6295-6B76-4BAF-AAAA-0F1A7FACE25E}.Debug|Any CPU.ActiveCfg = Debug|Any CPU
		{68CC6295-6B76-4BAF-AAAA-0F1A7FACE25E}.Debug|Any CPU.Build.0 = Debug|Any CPU
		{68CC6295-6B76-4BAF-AAAA-0F1A7FACE25E}.Release|Any CPU.ActiveCfg = Release|Any CPU
		{68CC6295-6B76-4BAF-AAAA-0F1A7FACE25E}.Release|Any CPU.Build.0 = Release|Any CPU
		{E31CD618-75A9-4ECD-AE05-6C76EB871F20}.Debug|Any CPU.ActiveCfg = Debug|Any CPU
		{E31CD618-75A9-4ECD-AE05-6C76EB871F20}.Debug|Any CPU.Build.0 = Debug|Any CPU
		{E31CD618-75A9-4ECD-AE05-6C76EB871F20}.Release|Any CPU.ActiveCfg = Release|Any CPU
		{E31CD618-75A9-4ECD-AE05-6C76EB871F20}.Release|Any CPU.Build.0 = Release|Any CPU
		{BE15ED3B-09B3-402B-9FAC-4B250A002473}.Debug|Any CPU.ActiveCfg = Debug|Any CPU
		{BE15ED3B-09B3-402B-9FAC-4B250A002473}.Debug|Any CPU.Build.0 = Debug|Any CPU
		{BE15ED3B-09B3-402B-9FAC-4B250A002473}.Release|Any CPU.ActiveCfg = Release|Any CPU
		{BE15ED3B-09B3-402B-9FAC-4B250A002473}.Release|Any CPU.Build.0 = Release|Any CPU
	EndGlobalSection
	GlobalSection(SolutionProperties) = preSolution
		HideSolutionNode = FALSE
	EndGlobalSection
	GlobalSection(NestedProjects) = preSolution
		{90E954C9-6938-4156-AFB1-3ED4B2B7800A} = {02EA681E-C7D8-13C7-8484-4AC65E1B71E8}
		{2C705451-2850-4213-9B3A-967C59D9A087} = {02EA681E-C7D8-13C7-8484-4AC65E1B71E8}
		{C8C047EA-BDD2-4326-9E29-24BB7ABEBA0B} = {02EA681E-C7D8-13C7-8484-4AC65E1B71E8}
		{B9AF13B6-8F28-41E0-831A-F0D5F99CBE27} = {02EA681E-C7D8-13C7-8484-4AC65E1B71E8}
		{05150E61-819B-4FC8-AF03-2298FDFFA93B} = {90E954C9-6938-4156-AFB1-3ED4B2B7800A}
		{FB075A60-9637-4926-A4D2-398454F3FC27} = {90E954C9-6938-4156-AFB1-3ED4B2B7800A}
		{0DE5DC88-7C6B-4F99-9929-938C85D93906} = {90E954C9-6938-4156-AFB1-3ED4B2B7800A}
		{45C86958-A8DA-4703-9D92-AB85D3497792} = {2C705451-2850-4213-9B3A-967C59D9A087}
		{A47C374B-FFFA-4A5D-920F-8F6D08456053} = {2C705451-2850-4213-9B3A-967C59D9A087}
		{379C0BBE-BC7E-420D-80FA-76B692E0070B} = {2C705451-2850-4213-9B3A-967C59D9A087}
		{589EC572-3A89-4D68-873E-B7E39C49AD79} = {C8C047EA-BDD2-4326-9E29-24BB7ABEBA0B}
		{68CC6295-6B76-4BAF-AAAA-0F1A7FACE25E} = {90E954C9-6938-4156-AFB1-3ED4B2B7800A}
		{E31CD618-75A9-4ECD-AE05-6C76EB871F20} = {B9AF13B6-8F28-41E0-831A-F0D5F99CBE27}
		{BE15ED3B-09B3-402B-9FAC-4B250A002473} = {4B48F3F2-955A-47B4-BC8F-E2AC62F9C06D}
	EndGlobalSection
	GlobalSection(ExtensibilityGlobals) = postSolution
		SolutionGuid = {1C1F5B6B-4EF4-44ED-ACED-175610102414}
	EndGlobalSection
EndGlobal
